
Microsoft Visual Studio Solution File, Format Version 12.00
# Visual Studio Version 16
VisualStudioVersion = 16.0.30114.105
MinimumVisualStudioVersion = 10.0.40219.1
Project("{FAE04EC0-301F-11D3-BF4B-00C04F79EFBC}") = "Domain", "Domain\Domain.csproj", "{DBBB2091-DE4C-4ECB-87FE-B67A07EB1585}"
EndProject
Project("{FAE04EC0-301F-11D3-BF4B-00C04F79EFBC}") = "Infra", "Infra\Infra.csproj", "{071AB72C-960E-4A51-92B1-91FCF8BD35D2}"
EndProject
Project("{FAE04EC0-301F-11D3-BF4B-00C04F79EFBC}") = "Api", "Api\Api.csproj", "{33055952-2132-413B-9A17-DBBAAF41ACB7}"
EndProject
Project("{FAE04EC0-301F-11D3-BF4B-00C04F79EFBC}") = "Shared", "Shared\Shared.csproj", "{6989B106-B82C-4017-B030-9EC6F55C8B3F}"
EndProject
Project("{FAE04EC0-301F-11D3-BF4B-00C04F79EFBC}") = "Tests", "Tests\Tests.csproj", "{44D9AAB3-816D-4592-8D87-3B2EA2F13B5B}"
EndProject
Global
	GlobalSection(SolutionConfigurationPlatforms) = preSolution
		Debug|Any CPU = Debug|Any CPU
		Release|Any CPU = Release|Any CPU
	EndGlobalSection
	GlobalSection(SolutionProperties) = preSolution
		HideSolutionNode = FALSE
	EndGlobalSection
	GlobalSection(ProjectConfigurationPlatforms) = postSolution
		{DBBB2091-DE4C-4ECB-87FE-B67A07EB1585}.Debug|Any CPU.ActiveCfg = Debug|Any CPU
		{DBBB2091-DE4C-4ECB-87FE-B67A07EB1585}.Debug|Any CPU.Build.0 = Debug|Any CPU
		{DBBB2091-DE4C-4ECB-87FE-B67A07EB1585}.Release|Any CPU.ActiveCfg = Release|Any CPU
		{DBBB2091-DE4C-4ECB-87FE-B67A07EB1585}.Release|Any CPU.Build.0 = Release|Any CPU
		{071AB72C-960E-4A51-92B1-91FCF8BD35D2}.Debug|Any CPU.ActiveCfg = Debug|Any CPU
		{071AB72C-960E-4A51-92B1-91FCF8BD35D2}.Debug|Any CPU.Build.0 = Debug|Any CPU
		{071AB72C-960E-4A51-92B1-91FCF8BD35D2}.Release|Any CPU.ActiveCfg = Release|Any CPU
		{071AB72C-960E-4A51-92B1-91FCF8BD35D2}.Release|Any CPU.Build.0 = Release|Any CPU
		{33055952-2132-413B-9A17-DBBAAF41ACB7}.Debug|Any CPU.ActiveCfg = Debug|Any CPU
		{33055952-2132-413B-9A17-DBBAAF41ACB7}.Debug|Any CPU.Build.0 = Debug|Any CPU
		{33055952-2132-413B-9A17-DBBAAF41ACB7}.Release|Any CPU.ActiveCfg = Release|Any CPU
		{33055952-2132-413B-9A17-DBBAAF41ACB7}.Release|Any CPU.Build.0 = Release|Any CPU
		{6989B106-B82C-4017-B030-9EC6F55C8B3F}.Debug|Any CPU.ActiveCfg = Debug|Any CPU
		{6989B106-B82C-4017-B030-9EC6F55C8B3F}.Debug|Any CPU.Build.0 = Debug|Any CPU
		{6989B106-B82C-4017-B030-9EC6F55C8B3F}.Release|Any CPU.ActiveCfg = Release|Any CPU
		{6989B106-B82C-4017-B030-9EC6F55C8B3F}.Release|Any CPU.Build.0 = Release|Any CPU
		{44D9AAB3-816D-4592-8D87-3B2EA2F13B5B}.Debug|Any CPU.ActiveCfg = Debug|Any CPU
		{44D9AAB3-816D-4592-8D87-3B2EA2F13B5B}.Debug|Any CPU.Build.0 = Debug|Any CPU
		{44D9AAB3-816D-4592-8D87-3B2EA2F13B5B}.Release|Any CPU.ActiveCfg = Release|Any CPU
		{44D9AAB3-816D-4592-8D87-3B2EA2F13B5B}.Release|Any CPU.Build.0 = Release|Any CPU
	EndGlobalSection
EndGlobal
